// !$*UTF8*$!
{
	archiveVersion = 1;
	classes = {
	};
	objectVersion = 46;
	objects = {

/* Begin PBXBuildFile section */
		6BB41AB91BD81F51005BF2AE /* main.m in Sources */ = {isa = PBXBuildFile; fileRef = 6BB41AB81BD81F51005BF2AE /* main.m */; };
		6BB41ABC1BD81F51005BF2AE /* AppDelegate.m in Sources */ = {isa = PBXBuildFile; fileRef = 6BB41ABB1BD81F51005BF2AE /* AppDelegate.m */; };
		6BB41ABF1BD81F51005BF2AE /* ViewController.m in Sources */ = {isa = PBXBuildFile; fileRef = 6BB41ABE1BD81F51005BF2AE /* ViewController.m */; };
		6BB41AC21BD81F51005BF2AE /* Main.storyboard in Resources */ = {isa = PBXBuildFile; fileRef = 6BB41AC01BD81F51005BF2AE /* Main.storyboard */; };
		6BB41AC41BD81F51005BF2AE /* Assets.xcassets in Resources */ = {isa = PBXBuildFile; fileRef = 6BB41AC31BD81F51005BF2AE /* Assets.xcassets */; };
		6BB41AC71BD81F51005BF2AE /* LaunchScreen.storyboard in Resources */ = {isa = PBXBuildFile; fileRef = 6BB41AC51BD81F51005BF2AE /* LaunchScreen.storyboard */; };
		6BB41AD21BD81F51005BF2AE /* MenuTests.m in Sources */ = {isa = PBXBuildFile; fileRef = 6BB41AD11BD81F51005BF2AE /* MenuTests.m */; };
		6BB41ADD1BD81F51005BF2AE /* MenuUITests.m in Sources */ = {isa = PBXBuildFile; fileRef = 6BB41ADC1BD81F51005BF2AE /* MenuUITests.m */; };
/* End PBXBuildFile section */

/* Begin PBXContainerItemProxy section */
		6BB41ACE1BD81F51005BF2AE /* PBXContainerItemProxy */ = {
			isa = PBXContainerItemProxy;
			containerPortal = 6BB41AAC1BD81F51005BF2AE /* Project object */;
			proxyType = 1;
			remoteGlobalIDString = 6BB41AB31BD81F51005BF2AE;
			remoteInfo = Menu;
		};
		6BB41AD91BD81F51005BF2AE /* PBXContainerItemProxy */ = {
			isa = PBXContainerItemProxy;
			containerPortal = 6BB41AAC1BD81F51005BF2AE /* Project object */;
			proxyType = 1;
			remoteGlobalIDString = 6BB41AB31BD81F51005BF2AE;
			remoteInfo = Menu;
		};
/* End PBXContainerItemProxy section */

/* Begin PBXFileReference section */
		6BB41AB41BD81F51005BF2AE /* Menu.app */ = {isa = PBXFileReference; explicitFileType = wrapper.application; includeInIndex = 0; path = Menu.app; sourceTree = BUILT_PRODUCTS_DIR; };
		6BB41AB81BD81F51005BF2AE /* main.m */ = {isa = PBXFileReference; lastKnownFileType = sourcecode.c.objc; path = main.m; sourceTree = "<group>"; };
		6BB41ABA1BD81F51005BF2AE /* AppDelegate.h */ = {isa = PBXFileReference; lastKnownFileType = sourcecode.c.h; path = AppDelegate.h; sourceTree = "<group>"; };
		6BB41ABB1BD81F51005BF2AE /* AppDelegate.m */ = {isa = PBXFileReference; lastKnownFileType = sourcecode.c.objc; path = AppDelegate.m; sourceTree = "<group>"; };
		6BB41ABD1BD81F51005BF2AE /* ViewController.h */ = {isa = PBXFileReference; lastKnownFileType = sourcecode.c.h; path = ViewController.h; sourceTree = "<group>"; };
		6BB41ABE1BD81F51005BF2AE /* ViewController.m */ = {isa = PBXFileReference; lastKnownFileType = sourcecode.c.objc; path = ViewController.m; sourceTree = "<group>"; };
		6BB41AC11BD81F51005BF2AE /* Base */ = {isa = PBXFileReference; lastKnownFileType = file.storyboard; name = Base; path = Base.lproj/Main.storyboard; sourceTree = "<group>"; };
		6BB41AC31BD81F51005BF2AE /* Assets.xcassets */ = {isa = PBXFileReference; lastKnownFileType = folder.assetcatalog; path = Assets.xcassets; sourceTree = "<group>"; };
		6BB41AC61BD81F51005BF2AE /* Base */ = {isa = PBXFileReference; lastKnownFileType = file.storyboard; name = Base; path = Base.lproj/LaunchScreen.storyboard; sourceTree = "<group>"; };
		6BB41AC81BD81F51005BF2AE /* Info.plist */ = {isa = PBXFileReference; lastKnownFileType = text.plist.xml; path = Info.plist; sourceTree = "<group>"; };
		6BB41ACD1BD81F51005BF2AE /* MenuTests.xctest */ = {isa = PBXFileReference; explicitFileType = wrapper.cfbundle; includeInIndex = 0; path = MenuTests.xctest; sourceTree = BUILT_PRODUCTS_DIR; };
		6BB41AD11BD81F51005BF2AE /* MenuTests.m */ = {isa = PBXFileReference; lastKnownFileType = sourcecode.c.objc; path = MenuTests.m; sourceTree = "<group>"; };
		6BB41AD31BD81F51005BF2AE /* Info.plist */ = {isa = PBXFileReference; lastKnownFileType = text.plist.xml; path = Info.plist; sourceTree = "<group>"; };
		6BB41AD81BD81F51005BF2AE /* MenuUITests.xctest */ = {isa = PBXFileReference; explicitFileType = wrapper.cfbundle; includeInIndex = 0; path = MenuUITests.xctest; sourceTree = BUILT_PRODUCTS_DIR; };
		6BB41ADC1BD81F51005BF2AE /* MenuUITests.m */ = {isa = PBXFileReference; lastKnownFileType = sourcecode.c.objc; path = MenuUITests.m; sourceTree = "<group>"; };
		6BB41ADE1BD81F51005BF2AE /* Info.plist */ = {isa = PBXFileReference; lastKnownFileType = text.plist.xml; path = Info.plist; sourceTree = "<group>"; };
/* End PBXFileReference section */

/* Begin PBXFrameworksBuildPhase section */
		6BB41AB11BD81F51005BF2AE /* Frameworks */ = {
			isa = PBXFrameworksBuildPhase;
			buildActionMask = 2147483647;
			files = (
			);
			runOnlyForDeploymentPostprocessing = 0;
		};
		6BB41ACA1BD81F51005BF2AE /* Frameworks */ = {
			isa = PBXFrameworksBuildPhase;
			buildActionMask = 2147483647;
			files = (
			);
			runOnlyForDeploymentPostprocessing = 0;
		};
		6BB41AD51BD81F51005BF2AE /* Frameworks */ = {
			isa = PBXFrameworksBuildPhase;
			buildActionMask = 2147483647;
			files = (
			);
			runOnlyForDeploymentPostprocessing = 0;
		};
/* End PBXFrameworksBuildPhase section */

/* Begin PBXGroup section */
		6BB41AAB1BD81F51005BF2AE = {
			isa = PBXGroup;
			children = (
				6BB41AB61BD81F51005BF2AE /* Menu */,
				6BB41AD01BD81F51005BF2AE /* MenuTests */,
				6BB41ADB1BD81F51005BF2AE /* MenuUITests */,
				6BB41AB51BD81F51005BF2AE /* Products */,
			);
			sourceTree = "<group>";
		};
		6BB41AB51BD81F51005BF2AE /* Products */ = {
			isa = PBXGroup;
			children = (
				6BB41AB41BD81F51005BF2AE /* Menu.app */,
				6BB41ACD1BD81F51005BF2AE /* MenuTests.xctest */,
				6BB41AD81BD81F51005BF2AE /* MenuUITests.xctest */,
			);
			name = Products;
			sourceTree = "<group>";
		};
		6BB41AB61BD81F51005BF2AE /* Menu */ = {
			isa = PBXGroup;
			children = (
				6BB41ABA1BD81F51005BF2AE /* AppDelegate.h */,
				6BB41ABB1BD81F51005BF2AE /* AppDelegate.m */,
				6BB41ABD1BD81F51005BF2AE /* ViewController.h */,
				6BB41ABE1BD81F51005BF2AE /* ViewController.m */,
				6BB41AC01BD81F51005BF2AE /* Main.storyboard */,
				6BB41AC31BD81F51005BF2AE /* Assets.xcassets */,
				6BB41AC51BD81F51005BF2AE /* LaunchScreen.storyboard */,
				6BB41AC81BD81F51005BF2AE /* Info.plist */,
				6BB41AB71BD81F51005BF2AE /* Supporting Files */,
			);
			path = Menu;
			sourceTree = "<group>";
		};
		6BB41AB71BD81F51005BF2AE /* Supporting Files */ = {
			isa = PBXGroup;
			children = (
				6BB41AB81BD81F51005BF2AE /* main.m */,
			);
			name = "Supporting Files";
			sourceTree = "<group>";
		};
		6BB41AD01BD81F51005BF2AE /* MenuTests */ = {
			isa = PBXGroup;
			children = (
				6BB41AD11BD81F51005BF2AE /* MenuTests.m */,
				6BB41AD31BD81F51005BF2AE /* Info.plist */,
			);
			path = MenuTests;
			sourceTree = "<group>";
		};
		6BB41ADB1BD81F51005BF2AE /* MenuUITests */ = {
			isa = PBXGroup;
			children = (
				6BB41ADC1BD81F51005BF2AE /* MenuUITests.m */,
				6BB41ADE1BD81F51005BF2AE /* Info.plist */,
			);
			path = MenuUITests;
			sourceTree = "<group>";
		};
/* End PBXGroup section */

/* Begin PBXNativeTarget section */
		6BB41AB31BD81F51005BF2AE /* Menu */ = {
			isa = PBXNativeTarget;
			buildConfigurationList = 6BB41AE11BD81F51005BF2AE /* Build configuration list for PBXNativeTarget "Menu" */;
			buildPhases = (
				6BB41AB01BD81F51005BF2AE /* Sources */,
				6BB41AB11BD81F51005BF2AE /* Frameworks */,
				6BB41AB21BD81F51005BF2AE /* Resources */,
			);
			buildRules = (
			);
			dependencies = (
			);
			name = Menu;
			productName = Menu;
			productReference = 6BB41AB41BD81F51005BF2AE /* Menu.app */;
			productType = "com.apple.product-type.application";
		};
		6BB41ACC1BD81F51005BF2AE /* MenuTests */ = {
			isa = PBXNativeTarget;
			buildConfigurationList = 6BB41AE41BD81F51005BF2AE /* Build configuration list for PBXNativeTarget "MenuTests" */;
			buildPhases = (
				6BB41AC91BD81F51005BF2AE /* Sources */,
				6BB41ACA1BD81F51005BF2AE /* Frameworks */,
				6BB41ACB1BD81F51005BF2AE /* Resources */,
			);
			buildRules = (
			);
			dependencies = (
				6BB41ACF1BD81F51005BF2AE /* PBXTargetDependency */,
			);
			name = MenuTests;
			productName = MenuTests;
			productReference = 6BB41ACD1BD81F51005BF2AE /* MenuTests.xctest */;
			productType = "com.apple.product-type.bundle.unit-test";
		};
		6BB41AD71BD81F51005BF2AE /* MenuUITests */ = {
			isa = PBXNativeTarget;
			buildConfigurationList = 6BB41AE71BD81F51005BF2AE /* Build configuration list for PBXNativeTarget "MenuUITests" */;
			buildPhases = (
				6BB41AD41BD81F51005BF2AE /* Sources */,
				6BB41AD51BD81F51005BF2AE /* Frameworks */,
				6BB41AD61BD81F51005BF2AE /* Resources */,
			);
			buildRules = (
			);
			dependencies = (
				6BB41ADA1BD81F51005BF2AE /* PBXTargetDependency */,
			);
			name = MenuUITests;
			productName = MenuUITests;
			productReference = 6BB41AD81BD81F51005BF2AE /* MenuUITests.xctest */;
			productType = "com.apple.product-type.bundle.ui-testing";
		};
/* End PBXNativeTarget section */

/* Begin PBXProject section */
		6BB41AAC1BD81F51005BF2AE /* Project object */ = {
			isa = PBXProject;
			attributes = {
				LastUpgradeCheck = 0700;
				ORGANIZATIONNAME = "Arunabh Das";
				TargetAttributes = {
					6BB41AB31BD81F51005BF2AE = {
						CreatedOnToolsVersion = 7.0.1;
					};
					6BB41ACC1BD81F51005BF2AE = {
						CreatedOnToolsVersion = 7.0.1;
						TestTargetID = 6BB41AB31BD81F51005BF2AE;
					};
					6BB41AD71BD81F51005BF2AE = {
						CreatedOnToolsVersion = 7.0.1;
						TestTargetID = 6BB41AB31BD81F51005BF2AE;
					};
				};
			};
			buildConfigurationList = 6BB41AAF1BD81F51005BF2AE /* Build configuration list for PBXProject "Menu" */;
			compatibilityVersion = "Xcode 3.2";
			developmentRegion = English;
			hasScannedForEncodings = 0;
			knownRegions = (
				en,
				Base,
			);
			mainGroup = 6BB41AAB1BD81F51005BF2AE;
			productRefGroup = 6BB41AB51BD81F51005BF2AE /* Products */;
			projectDirPath = "";
			projectRoot = "";
			targets = (
				6BB41AB31BD81F51005BF2AE /* Menu */,
				6BB41ACC1BD81F51005BF2AE /* MenuTests */,
				6BB41AD71BD81F51005BF2AE /* MenuUITests */,
			);
		};
/* End PBXProject section */

/* Begin PBXResourcesBuildPhase section */
		6BB41AB21BD81F51005BF2AE /* Resources */ = {
			isa = PBXResourcesBuildPhase;
			buildActionMask = 2147483647;
			files = (
				6BB41AC71BD81F51005BF2AE /* LaunchScreen.storyboard in Resources */,
				6BB41AC41BD81F51005BF2AE /* Assets.xcassets in Resources */,
				6BB41AC21BD81F51005BF2AE /* Main.storyboard in Resources */,
			);
			runOnlyForDeploymentPostprocessing = 0;
		};
		6BB41ACB1BD81F51005BF2AE /* Resources */ = {
			isa = PBXResourcesBuildPhase;
			buildActionMask = 2147483647;
			files = (
			);
			runOnlyForDeploymentPostprocessing = 0;
		};
		6BB41AD61BD81F51005BF2AE /* Resources */ = {
			isa = PBXResourcesBuildPhase;
			buildActionMask = 2147483647;
			files = (
			);
			runOnlyForDeploymentPostprocessing = 0;
		};
/* End PBXResourcesBuildPhase section */

/* Begin PBXSourcesBuildPhase section */
		6BB41AB01BD81F51005BF2AE /* Sources */ = {
			isa = PBXSourcesBuildPhase;
			buildActionMask = 2147483647;
			files = (
				6BB41ABF1BD81F51005BF2AE /* ViewController.m in Sources */,
				6BB41ABC1BD81F51005BF2AE /* AppDelegate.m in Sources */,
				6BB41AB91BD81F51005BF2AE /* main.m in Sources */,
			);
			runOnlyForDeploymentPostprocessing = 0;
		};
		6BB41AC91BD81F51005BF2AE /* Sources */ = {
			isa = PBXSourcesBuildPhase;
			buildActionMask = 2147483647;
			files = (
				6BB41AD21BD81F51005BF2AE /* MenuTests.m in Sources */,
			);
			runOnlyForDeploymentPostprocessing = 0;
		};
		6BB41AD41BD81F51005BF2AE /* Sources */ = {
			isa = PBXSourcesBuildPhase;
			buildActionMask = 2147483647;
			files = (
				6BB41ADD1BD81F51005BF2AE /* MenuUITests.m in Sources */,
			);
			runOnlyForDeploymentPostprocessing = 0;
		};
/* End PBXSourcesBuildPhase section */

/* Begin PBXTargetDependency section */
		6BB41ACF1BD81F51005BF2AE /* PBXTargetDependency */ = {
			isa = PBXTargetDependency;
			target = 6BB41AB31BD81F51005BF2AE /* Menu */;
			targetProxy = 6BB41ACE1BD81F51005BF2AE /* PBXContainerItemProxy */;
		};
		6BB41ADA1BD81F51005BF2AE /* PBXTargetDependency */ = {
			isa = PBXTargetDependency;
			target = 6BB41AB31BD81F51005BF2AE /* Menu */;
			targetProxy = 6BB41AD91BD81F51005BF2AE /* PBXContainerItemProxy */;
		};
/* End PBXTargetDependency section */

/* Begin PBXVariantGroup section */
		6BB41AC01BD81F51005BF2AE /* Main.storyboard */ = {
			isa = PBXVariantGroup;
			children = (
				6BB41AC11BD81F51005BF2AE /* Base */,
			);
			name = Main.storyboard;
			sourceTree = "<group>";
		};
		6BB41AC51BD81F51005BF2AE /* LaunchScreen.storyboard */ = {
			isa = PBXVariantGroup;
			children = (
				6BB41AC61BD81F51005BF2AE /* Base */,
			);
			name = LaunchScreen.storyboard;
			sourceTree = "<group>";
		};
/* End PBXVariantGroup section */

/* Begin XCBuildConfiguration section */
		6BB41ADF1BD81F51005BF2AE /* Debug */ = {
			isa = XCBuildConfiguration;
			buildSettings = {
				ALWAYS_SEARCH_USER_PATHS = NO;
				CLANG_CXX_LANGUAGE_STANDARD = "gnu++0x";
				CLANG_CXX_LIBRARY = "libc++";
				CLANG_ENABLE_MODULES = YES;
				CLANG_ENABLE_OBJC_ARC = YES;
				CLANG_WARN_BOOL_CONVERSION = YES;
				CLANG_WARN_CONSTANT_CONVERSION = YES;
				CLANG_WARN_DIRECT_OBJC_ISA_USAGE = YES_ERROR;
				CLANG_WARN_EMPTY_BODY = YES;
				CLANG_WARN_ENUM_CONVERSION = YES;
				CLANG_WARN_INT_CONVERSION = YES;
				CLANG_WARN_OBJC_ROOT_CLASS = YES_ERROR;
				CLANG_WARN_UNREACHABLE_CODE = YES;
				CLANG_WARN__DUPLICATE_METHOD_MATCH = YES;
				"CODE_SIGN_IDENTITY[sdk=iphoneos*]" = "iPhone Developer";
				COPY_PHASE_STRIP = NO;
				DEBUG_INFORMATION_FORMAT = dwarf;
				ENABLE_STRICT_OBJC_MSGSEND = YES;
				ENABLE_TESTABILITY = YES;
				GCC_C_LANGUAGE_STANDARD = gnu99;
				GCC_DYNAMIC_NO_PIC = NO;
				GCC_NO_COMMON_BLOCKS = YES;
				GCC_OPTIMIZATION_LEVEL = 0;
				GCC_PREPROCESSOR_DEFINITIONS = (
					"DEBUG=1",
					"$(inherited)",
				);
				GCC_WARN_64_TO_32_BIT_CONVERSION = YES;
				GCC_WARN_ABOUT_RETURN_TYPE = YES_ERROR;
				GCC_WARN_UNDECLARED_SELECTOR = YES;
				GCC_WARN_UNINITIALIZED_AUTOS = YES_AGGRESSIVE;
				GCC_WARN_UNUSED_FUNCTION = YES;
				GCC_WARN_UNUSED_VARIABLE = YES;
				IPHONEOS_DEPLOYMENT_TARGET = 9.0;
				MTL_ENABLE_DEBUG_INFO = YES;
				ONLY_ACTIVE_ARCH = YES;
				SDKROOT = iphoneos;
				TARGETED_DEVICE_FAMILY = "1,2";
			};
			name = Debug;
		};
		6BB41AE01BD81F51005BF2AE /* Release */ = {
			isa = XCBuildConfiguration;
			buildSettings = {
				ALWAYS_SEARCH_USER_PATHS = NO;
				CLANG_CXX_LANGUAGE_STANDARD = "gnu++0x";
				CLANG_CXX_LIBRARY = "libc++";
				CLANG_ENABLE_MODULES = YES;
				CLANG_ENABLE_OBJC_ARC = YES;
				CLANG_WARN_BOOL_CONVERSION = YES;
				CLANG_WARN_CONSTANT_CONVERSION = YES;
				CLANG_WARN_DIRECT_OBJC_ISA_USAGE = YES_ERROR;
				CLANG_WARN_EMPTY_BODY = YES;
				CLANG_WARN_ENUM_CONVERSION = YES;
				CLANG_WARN_INT_CONVERSION = YES;
				CLANG_WARN_OBJC_ROOT_CLASS = YES_ERROR;
				CLANG_WARN_UNREACHABLE_CODE = YES;
				CLANG_WARN__DUPLICATE_METHOD_MATCH = YES;
				"CODE_SIGN_IDENTITY[sdk=iphoneos*]" = "iPhone Developer";
				COPY_PHASE_STRIP = NO;
				DEBUG_INFORMATION_FORMAT = "dwarf-with-dsym";
				ENABLE_NS_ASSERTIONS = NO;
				ENABLE_STRICT_OBJC_MSGSEND = YES;
				GCC_C_LANGUAGE_STANDARD = gnu99;
				GCC_NO_COMMON_BLOCKS = YES;
				GCC_WARN_64_TO_32_BIT_CONVERSION = YES;
				GCC_WARN_ABOUT_RETURN_TYPE = YES_ERROR;
				GCC_WARN_UNDECLARED_SELECTOR = YES;
				GCC_WARN_UNINITIALIZED_AUTOS = YES_AGGRESSIVE;
				GCC_WARN_UNUSED_FUNCTION = YES;
				GCC_WARN_UNUSED_VARIABLE = YES;
				IPHONEOS_DEPLOYMENT_TARGET = 9.0;
				MTL_ENABLE_DEBUG_INFO = NO;
				SDKROOT = iphoneos;
				TARGETED_DEVICE_FAMILY = "1,2";
				VALIDATE_PRODUCT = YES;
			};
			name = Release;
		};
		6BB41AE21BD81F51005BF2AE /* Debug */ = {
			isa = XCBuildConfiguration;
			buildSettings = {
				ASSETCATALOG_COMPILER_APPICON_NAME = AppIcon;
				INFOPLIST_FILE = Menu/Info.plist;
				LD_RUNPATH_SEARCH_PATHS = "$(inherited) @executable_path/Frameworks";
				PRODUCT_BUNDLE_IDENTIFIER = com.arunabhdas.mobile.Menu;
				PRODUCT_NAME = "$(TARGET_NAME)";
			};
			name = Debug;
		};
		6BB41AE31BD81F51005BF2AE /* Release */ = {
			isa = XCBuildConfiguration;
			buildSettings = {
				ASSETCATALOG_COMPILER_APPICON_NAME = AppIcon;
				INFOPLIST_FILE = Menu/Info.plist;
				LD_RUNPATH_SEARCH_PATHS = "$(inherited) @executable_path/Frameworks";
				PRODUCT_BUNDLE_IDENTIFIER = com.arunabhdas.mobile.Menu;
				PRODUCT_NAME = "$(TARGET_NAME)";
			};
			name = Release;
		};
		6BB41AE51BD81F51005BF2AE /* Debug */ = {
			isa = XCBuildConfiguration;
			buildSettings = {
				BUNDLE_LOADER = "$(TEST_HOST)";
				INFOPLIST_FILE = MenuTests/Info.plist;
				LD_RUNPATH_SEARCH_PATHS = "$(inherited) @executable_path/Frameworks @loader_path/Frameworks";
				PRODUCT_BUNDLE_IDENTIFIER = com.arunabhdas.mobile.MenuTests;
				PRODUCT_NAME = "$(TARGET_NAME)";
				TEST_HOST = "$(BUILT_PRODUCTS_DIR)/Menu.app/Menu";
			};
			name = Debug;
		};
		6BB41AE61BD81F51005BF2AE /* Release */ = {
			isa = XCBuildConfiguration;
			buildSettings = {
				BUNDLE_LOADER = "$(TEST_HOST)";
				INFOPLIST_FILE = MenuTests/Info.plist;
				LD_RUNPATH_SEARCH_PATHS = "$(inherited) @executable_path/Frameworks @loader_path/Frameworks";
				PRODUCT_BUNDLE_IDENTIFIER = com.arunabhdas.mobile.MenuTests;
				PRODUCT_NAME = "$(TARGET_NAME)";
				TEST_HOST = "$(BUILT_PRODUCTS_DIR)/Menu.app/Menu";
			};
			name = Release;
		};
		6BB41AE81BD81F51005BF2AE /* Debug */ = {
			isa = XCBuildConfiguration;
			buildSettings = {
				INFOPLIST_FILE = MenuUITests/Info.plist;
				LD_RUNPATH_SEARCH_PATHS = "$(inherited) @executable_path/Frameworks @loader_path/Frameworks";
				PRODUCT_BUNDLE_IDENTIFIER = com.arunabhdas.mobile.MenuUITests;
				PRODUCT_NAME = "$(TARGET_NAME)";
				TEST_TARGET_NAME = Menu;
				USES_XCTRUNNER = YES;
			};
			name = Debug;
		};
		6BB41AE91BD81F51005BF2AE /* Release */ = {
			isa = XCBuildConfiguration;
			buildSettings = {
				INFOPLIST_FILE = MenuUITests/Info.plist;
				LD_RUNPATH_SEARCH_PATHS = "$(inherited) @executable_path/Frameworks @loader_path/Frameworks";
				PRODUCT_BUNDLE_IDENTIFIER = com.arunabhdas.mobile.MenuUITests;
				PRODUCT_NAME = "$(TARGET_NAME)";
				TEST_TARGET_NAME = Menu;
				USES_XCTRUNNER = YES;
			};
			name = Release;
		};
/* End XCBuildConfiguration section */

/* Begin XCConfigurationList section */
		6BB41AAF1BD81F51005BF2AE /* Build configuration list for PBXProject "Menu" */ = {
			isa = XCConfigurationList;
			buildConfigurations = (
				6BB41ADF1BD81F51005BF2AE /* Debug */,
				6BB41AE01BD81F51005BF2AE /* Release */,
			);
			defaultConfigurationIsVisible = 0;
			defaultConfigurationName = Release;
		};
		6BB41AE11BD81F51005BF2AE /* Build configuration list for PBXNativeTarget "Menu" */ = {
			isa = XCConfigurationList;
			buildConfigurations = (
				6BB41AE21BD81F51005BF2AE /* Debug */,
				6BB41AE31BD81F51005BF2AE /* Release */,
			);
			defaultConfigurationIsVisible = 0;
		};
		6BB41AE41BD81F51005BF2AE /* Build configuration list for PBXNativeTarget "MenuTests" */ = {
			isa = XCConfigurationList;
			buildConfigurations = (
				6BB41AE51BD81F51005BF2AE /* Debug */,
				6BB41AE61BD81F51005BF2AE /* Release */,
			);
			defaultConfigurationIsVisible = 0;
		};
		6BB41AE71BD81F51005BF2AE /* Build configuration list for PBXNativeTarget "MenuUITests" */ = {
			isa = XCConfigurationList;
			buildConfigurations = (
				6BB41AE81BD81F51005BF2AE /* Debug */,
				6BB41AE91BD81F51005BF2AE /* Release */,
			);
			defaultConfigurationIsVisible = 0;
		};
/* End XCConfigurationList section */
	};
	rootObject = 6BB41AAC1BD81F51005BF2AE /* Project object */;
}
